PODS:
  - IQKeyboardManagerSwift (6.3.0)
  - SideMenu (6.5.0)

DEPENDENCIES:
  - IQKeyboardManagerSwift (= 6.3.0)
  - SideMenu

SPEC REPOS:
  trunk:
    - IQKeyboardManagerSwift
    - SideMenu

SPEC CHECKSUMS:
  IQKeyboardManagerSwift: a8228c257614af98743b4cd8584637025f36358f
  SideMenu: f583187d21c5b1dd04c72002be544b555a2627a2

PODFILE CHECKSUM: 630376d416f874efa5e74ecf753ebe4de1862bba

COCOAPODS: 1.11.2
