// !$*UTF8*$!
{
	archiveVersion = 1;
	classes = {
	};
	objectVersion = 55;
	objects = {

/* Begin PBXBuildFile section */
		24983235073DC38B89F7802A /* Pods_GoodLifeApplocation.framework in Frameworks */ = {isa = PBXBuildFile; fileRef = F0E5AE3CF2C1C421B86FEF65 /* Pods_GoodLifeApplocation.framework */; };
		2767A271288F3CD600DF34D1 /* DonationThirdFrame.swift in Sources */ = {isa = PBXBuildFile; fileRef = 2767A26F288F3CD600DF34D1 /* DonationThirdFrame.swift */; };
		2767A272288F3CD600DF34D1 /* DonationThirdFrame.xib in Resources */ = {isa = PBXBuildFile; fileRef = 2767A270288F3CD600DF34D1 /* DonationThirdFrame.xib */; };
		2767A275288F504A00DF34D1 /* DonationFourthFrame.swift in Sources */ = {isa = PBXBuildFile; fileRef = 2767A273288F504A00DF34D1 /* DonationFourthFrame.swift */; };
		2767A276288F504A00DF34D1 /* DonationFourthFrame.xib in Resources */ = {isa = PBXBuildFile; fileRef = 2767A274288F504A00DF34D1 /* DonationFourthFrame.xib */; };
		2767A279288F53C100DF34D1 /* DonationFifthFrameVC.swift in Sources */ = {isa = PBXBuildFile; fileRef = 2767A277288F53C100DF34D1 /* DonationFifthFrameVC.swift */; };
		2767A27A288F53C100DF34D1 /* DonationFifthFrameVC.xib in Resources */ = {isa = PBXBuildFile; fileRef = 2767A278288F53C100DF34D1 /* DonationFifthFrameVC.xib */; };
		27C9AE27288D38E900FA584A /* AppDelegate.swift in Sources */ = {isa = PBXBuildFile; fileRef = 27C9AE26288D38E900FA584A /* AppDelegate.swift */; };
		27C9AE29288D38E900FA584A /* SceneDelegate.swift in Sources */ = {isa = PBXBuildFile; fileRef = 27C9AE28288D38E900FA584A /* SceneDelegate.swift */; };
		27C9AE2B288D38E900FA584A /* ViewController.swift in Sources */ = {isa = PBXBuildFile; fileRef = 27C9AE2A288D38E900FA584A /* ViewController.swift */; };
		27C9AE2E288D38E900FA584A /* Main.storyboard in Resources */ = {isa = PBXBuildFile; fileRef = 27C9AE2C288D38E900FA584A /* Main.storyboard */; };
		27C9AE30288D38EA00FA584A /* Assets.xcassets in Resources */ = {isa = PBXBuildFile; fileRef = 27C9AE2F288D38EA00FA584A /* Assets.xcassets */; };
		27C9AE33288D38EA00FA584A /* LaunchScreen.storyboard in Resources */ = {isa = PBXBuildFile; fileRef = 27C9AE31288D38EA00FA584A /* LaunchScreen.storyboard */; };
		27C9AE3D288D39B300FA584A /* SplashScreen.swift in Sources */ = {isa = PBXBuildFile; fileRef = 27C9AE3B288D39B300FA584A /* SplashScreen.swift */; };
		27C9AE3E288D39B300FA584A /* SplashScreen.xib in Resources */ = {isa = PBXBuildFile; fileRef = 27C9AE3C288D39B300FA584A /* SplashScreen.xib */; };
		27C9AE52288D3CA000FA584A /* Inter-Black.ttf in Resources */ = {isa = PBXBuildFile; fileRef = 27C9AE43288D3B9A00FA584A /* Inter-Black.ttf */; };
		27C9AE53288D3CA300FA584A /* Inter-Bold.ttf in Resources */ = {isa = PBXBuildFile; fileRef = 27C9AE4A288D3B9A00FA584A /* Inter-Bold.ttf */; };
		27C9AE54288D3CB500FA584A /* Inter-BoldItalic.ttf in Resources */ = {isa = PBXBuildFile; fileRef = 27C9AE46288D3B9A00FA584A /* Inter-BoldItalic.ttf */; };
		27C9AE55288D3CB500FA584A /* Inter-ExtraLightItalic-BETA.ttf in Resources */ = {isa = PBXBuildFile; fileRef = 27C9AE4F288D3B9A00FA584A /* Inter-ExtraLightItalic-BETA.ttf */; };
		27C9AE56288D3CB500FA584A /* Inter-Medium.ttf in Resources */ = {isa = PBXBuildFile; fileRef = 27C9AE51288D3B9A00FA584A /* Inter-Medium.ttf */; };
		27C9AE57288D3CB500FA584A /* Inter-LightItalic-BETA.ttf in Resources */ = {isa = PBXBuildFile; fileRef = 27C9AE48288D3B9A00FA584A /* Inter-LightItalic-BETA.ttf */; };
		27C9AE58288D3CB500FA584A /* Inter-Thin-BETA.ttf in Resources */ = {isa = PBXBuildFile; fileRef = 27C9AE4E288D3B9A00FA584A /* Inter-Thin-BETA.ttf */; };
		27C9AE59288D3CB500FA584A /* Inter-SemiBold.ttf in Resources */ = {isa = PBXBuildFile; fileRef = 27C9AE41288D3B9A00FA584A /* Inter-SemiBold.ttf */; };
		27C9AE5A288D3CB500FA584A /* Inter-ThinItalic-BETA.ttf in Resources */ = {isa = PBXBuildFile; fileRef = 27C9AE4C288D3B9A00FA584A /* Inter-ThinItalic-BETA.ttf */; };
		27C9AE5B288D3CB500FA584A /* Inter-ExtraBold.ttf in Resources */ = {isa = PBXBuildFile; fileRef = 27C9AE42288D3B9A00FA584A /* Inter-ExtraBold.ttf */; };
		27C9AE5C288D3CB500FA584A /* Inter-Regular.ttf in Resources */ = {isa = PBXBuildFile; fileRef = 27C9AE40288D3B9A00FA584A /* Inter-Regular.ttf */; };
		27C9AE5D288D3CB500FA584A /* Inter-ExtraLight-BETA.ttf in Resources */ = {isa = PBXBuildFile; fileRef = 27C9AE4B288D3B9A00FA584A /* Inter-ExtraLight-BETA.ttf */; };
		27C9AE5E288D3CB500FA584A /* Inter-ExtraBoldItalic.ttf in Resources */ = {isa = PBXBuildFile; fileRef = 27C9AE47288D3B9A00FA584A /* Inter-ExtraBoldItalic.ttf */; };
		27C9AE5F288D3CB500FA584A /* Inter-Italic.ttf in Resources */ = {isa = PBXBuildFile; fileRef = 27C9AE44288D3B9A00FA584A /* Inter-Italic.ttf */; };
		27C9AE60288D3CB500FA584A /* Inter-UI-BlackItalic.ttf in Resources */ = {isa = PBXBuildFile; fileRef = 27C9AE4D288D3B9A00FA584A /* Inter-UI-BlackItalic.ttf */; };
		27C9AE61288D3CB500FA584A /* Inter-SemiBoldItalic.ttf in Resources */ = {isa = PBXBuildFile; fileRef = 27C9AE50288D3B9A00FA584A /* Inter-SemiBoldItalic.ttf */; };
		27C9AE62288D3CB500FA584A /* Inter-Light-BETA.ttf in Resources */ = {isa = PBXBuildFile; fileRef = 27C9AE45288D3B9A00FA584A /* Inter-Light-BETA.ttf */; };
		27C9AE63288D3CB500FA584A /* Inter-MediumItalic.ttf in Resources */ = {isa = PBXBuildFile; fileRef = 27C9AE49288D3B9A00FA584A /* Inter-MediumItalic.ttf */; };
		27C9AE6A288D427600FA584A /* ProgressView.xib in Resources */ = {isa = PBXBuildFile; fileRef = 27C9AE68288D427600FA584A /* ProgressView.xib */; };
		27C9AE6B288D427600FA584A /* ProgressView.swift in Sources */ = {isa = PBXBuildFile; fileRef = 27C9AE69288D427600FA584A /* ProgressView.swift */; };
		27C9AE6F288D445E00FA584A /* NibLoadableView.swift in Sources */ = {isa = PBXBuildFile; fileRef = 27C9AE6D288D445E00FA584A /* NibLoadableView.swift */; };
		27C9AE70288D445E00FA584A /* ReusableView.swift in Sources */ = {isa = PBXBuildFile; fileRef = 27C9AE6E288D445E00FA584A /* ReusableView.swift */; };
		27C9AE72288D449800FA584A /* ProgressBar.swift in Sources */ = {isa = PBXBuildFile; fileRef = 27C9AE71288D449800FA584A /* ProgressBar.swift */; };
		27C9AE74288D44F300FA584A /* UIViewFromNIB.swift in Sources */ = {isa = PBXBuildFile; fileRef = 27C9AE73288D44F300FA584A /* UIViewFromNIB.swift */; };
		27C9AE78288D470600FA584A /* OnBoardingVC.swift in Sources */ = {isa = PBXBuildFile; fileRef = 27C9AE76288D470600FA584A /* OnBoardingVC.swift */; };
		27C9AE79288D470600FA584A /* OnBoardingVC.xib in Resources */ = {isa = PBXBuildFile; fileRef = 27C9AE77288D470600FA584A /* OnBoardingVC.xib */; };
		27C9AE7C288D4B4400FA584A /* UIButtonDesignable.swift in Sources */ = {isa = PBXBuildFile; fileRef = 27C9AE7B288D4B4400FA584A /* UIButtonDesignable.swift */; };
		27C9AE7F288D4C1E00FA584A /* OnBoardingFrame2.swift in Sources */ = {isa = PBXBuildFile; fileRef = 27C9AE7D288D4C1E00FA584A /* OnBoardingFrame2.swift */; };
		27C9AE80288D4C1E00FA584A /* OnBoardingFrame2.xib in Resources */ = {isa = PBXBuildFile; fileRef = 27C9AE7E288D4C1E00FA584A /* OnBoardingFrame2.xib */; };
		27C9AE83288D4F0600FA584A /* OnBoardingFrame3.swift in Sources */ = {isa = PBXBuildFile; fileRef = 27C9AE81288D4F0600FA584A /* OnBoardingFrame3.swift */; };
		27C9AE84288D4F0600FA584A /* OnBoardingFrame3.xib in Resources */ = {isa = PBXBuildFile; fileRef = 27C9AE82288D4F0600FA584A /* OnBoardingFrame3.xib */; };
		27C9AE86288D50A800FA584A /* UIViewDesignable.swift in Sources */ = {isa = PBXBuildFile; fileRef = 27C9AE85288D50A800FA584A /* UIViewDesignable.swift */; };
		27C9AE89288D51FD00FA584A /* OnBoardingFrame4.swift in Sources */ = {isa = PBXBuildFile; fileRef = 27C9AE87288D51FD00FA584A /* OnBoardingFrame4.swift */; };
		27C9AE8A288D51FD00FA584A /* OnBoardingFrame4.xib in Resources */ = {isa = PBXBuildFile; fileRef = 27C9AE88288D51FD00FA584A /* OnBoardingFrame4.xib */; };
		27C9AE8F288D54AA00FA584A /* OnBoardingFrame5.swift in Sources */ = {isa = PBXBuildFile; fileRef = 27C9AE8D288D54AA00FA584A /* OnBoardingFrame5.swift */; };
		27C9AE90288D54AA00FA584A /* OnBoardingFrame5.xib in Resources */ = {isa = PBXBuildFile; fileRef = 27C9AE8E288D54AA00FA584A /* OnBoardingFrame5.xib */; };
		27C9AE99288D899E00FA584A /* OpportunityView.swift in Sources */ = {isa = PBXBuildFile; fileRef = 27C9AE97288D899E00FA584A /* OpportunityView.swift */; };
		27C9AE9A288D899E00FA584A /* OpportunityView.xib in Resources */ = {isa = PBXBuildFile; fileRef = 27C9AE98288D899E00FA584A /* OpportunityView.xib */; };
		27C9AE9E288D8BEC00FA584A /* OpportunityViewVC.swift in Sources */ = {isa = PBXBuildFile; fileRef = 27C9AE9C288D8BEC00FA584A /* OpportunityViewVC.swift */; };
		27C9AE9F288D8BEC00FA584A /* OpportunityViewVC.xib in Resources */ = {isa = PBXBuildFile; fileRef = 27C9AE9D288D8BEC00FA584A /* OpportunityViewVC.xib */; };
		27C9AEA2288D971700FA584A /* VolunteerOpportunityVC.swift in Sources */ = {isa = PBXBuildFile; fileRef = 27C9AEA0288D971700FA584A /* VolunteerOpportunityVC.swift */; };
		27C9AEA3288D971700FA584A /* VolunteerOpportunityVC.xib in Resources */ = {isa = PBXBuildFile; fileRef = 27C9AEA1288D971700FA584A /* VolunteerOpportunityVC.xib */; };
		27C9AEA5288DA1A600FA584A /* UIImageViewDesignable.swift in Sources */ = {isa = PBXBuildFile; fileRef = 27C9AEA4288DA1A600FA584A /* UIImageViewDesignable.swift */; };
		27C9AEAA288DA8E300FA584A /* TaskCollectionViewCell.swift in Sources */ = {isa = PBXBuildFile; fileRef = 27C9AEA8288DA8E300FA584A /* TaskCollectionViewCell.swift */; };
		27C9AEAB288DA8E300FA584A /* TaskCollectionViewCell.xib in Resources */ = {isa = PBXBuildFile; fileRef = 27C9AEA9288DA8E300FA584A /* TaskCollectionViewCell.xib */; };
		27C9AEAE288DB44600FA584A /* CategoriesCollectionViewCell.swift in Sources */ = {isa = PBXBuildFile; fileRef = 27C9AEAC288DB44600FA584A /* CategoriesCollectionViewCell.swift */; };
		27C9AEAF288DB44600FA584A /* CategoriesCollectionViewCell.xib in Resources */ = {isa = PBXBuildFile; fileRef = 27C9AEAD288DB44600FA584A /* CategoriesCollectionViewCell.xib */; };
		27C9AEB3288EF14900FA584A /* MealMarkerTableViewCell.swift in Sources */ = {isa = PBXBuildFile; fileRef = 27C9AEB1288EF14900FA584A /* MealMarkerTableViewCell.swift */; };
		27C9AEB4288EF14900FA584A /* MealMarkerTableViewCell.xib in Resources */ = {isa = PBXBuildFile; fileRef = 27C9AEB2288EF14900FA584A /* MealMarkerTableViewCell.xib */; };
		27C9AEB9288EF61200FA584A /* DonationVC.swift in Sources */ = {isa = PBXBuildFile; fileRef = 27C9AEB7288EF61200FA584A /* DonationVC.swift */; };
		27C9AEBA288EF61200FA584A /* DonationVC.xib in Resources */ = {isa = PBXBuildFile; fileRef = 27C9AEB8288EF61200FA584A /* DonationVC.xib */; };
		27C9AEBC288EFBA200FA584A /* DonationFrameTwoVC.swift in Sources */ = {isa = PBXBuildFile; fileRef = 27C9AEBB288EFBA200FA584A /* DonationFrameTwoVC.swift */; };
		27C9AEBE288F104900FA584A /* TableViewHelper.swift in Sources */ = {isa = PBXBuildFile; fileRef = 27C9AEBD288F104900FA584A /* TableViewHelper.swift */; };
/* End PBXBuildFile section */

/* Begin PBXFileReference section */
		2767A26F288F3CD600DF34D1 /* DonationThirdFrame.swift */ = {isa = PBXFileReference; lastKnownFileType = sourcecode.swift; path = DonationThirdFrame.swift; sourceTree = "<group>"; };
		2767A270288F3CD600DF34D1 /* DonationThirdFrame.xib */ = {isa = PBXFileReference; lastKnownFileType = file.xib; path = DonationThirdFrame.xib; sourceTree = "<group>"; };
		2767A273288F504A00DF34D1 /* DonationFourthFrame.swift */ = {isa = PBXFileReference; lastKnownFileType = sourcecode.swift; path = DonationFourthFrame.swift; sourceTree = "<group>"; };
		2767A274288F504A00DF34D1 /* DonationFourthFrame.xib */ = {isa = PBXFileReference; lastKnownFileType = file.xib; path = DonationFourthFrame.xib; sourceTree = "<group>"; };
		2767A277288F53C100DF34D1 /* DonationFifthFrameVC.swift */ = {isa = PBXFileReference; lastKnownFileType = sourcecode.swift; path = DonationFifthFrameVC.swift; sourceTree = "<group>"; };
		2767A278288F53C100DF34D1 /* DonationFifthFrameVC.xib */ = {isa = PBXFileReference; lastKnownFileType = file.xib; path = DonationFifthFrameVC.xib; sourceTree = "<group>"; };
		27C9AE23288D38E900FA584A /* GoodLifeApplocation.app */ = {isa = PBXFileReference; explicitFileType = wrapper.application; includeInIndex = 0; path = GoodLifeApplocation.app; sourceTree = BUILT_PRODUCTS_DIR; };
		27C9AE26288D38E900FA584A /* AppDelegate.swift */ = {isa = PBXFileReference; lastKnownFileType = sourcecode.swift; path = AppDelegate.swift; sourceTree = "<group>"; };
		27C9AE28288D38E900FA584A /* SceneDelegate.swift */ = {isa = PBXFileReference; lastKnownFileType = sourcecode.swift; path = SceneDelegate.swift; sourceTree = "<group>"; };
		27C9AE2A288D38E900FA584A /* ViewController.swift */ = {isa = PBXFileReference; lastKnownFileType = sourcecode.swift; path = ViewController.swift; sourceTree = "<group>"; };
		27C9AE2D288D38E900FA584A /* Base */ = {isa = PBXFileReference; lastKnownFileType = file.storyboard; name = Base; path = Base.lproj/Main.storyboard; sourceTree = "<group>"; };
		27C9AE2F288D38EA00FA584A /* Assets.xcassets */ = {isa = PBXFileReference; lastKnownFileType = folder.assetcatalog; path = Assets.xcassets; sourceTree = "<group>"; };
		27C9AE32288D38EA00FA584A /* Base */ = {isa = PBXFileReference; lastKnownFileType = file.storyboard; name = Base; path = Base.lproj/LaunchScreen.storyboard; sourceTree = "<group>"; };
		27C9AE34288D38EA00FA584A /* Info.plist */ = {isa = PBXFileReference; lastKnownFileType = text.plist.xml; path = Info.plist; sourceTree = "<group>"; };
		27C9AE3B288D39B300FA584A /* SplashScreen.swift */ = {isa = PBXFileReference; lastKnownFileType = sourcecode.swift; path = SplashScreen.swift; sourceTree = "<group>"; };
		27C9AE3C288D39B300FA584A /* SplashScreen.xib */ = {isa = PBXFileReference; lastKnownFileType = file.xib; path = SplashScreen.xib; sourceTree = "<group>"; };
		27C9AE40288D3B9A00FA584A /* Inter-Regular.ttf */ = {isa = PBXFileReference; lastKnownFileType = file; name = "Inter-Regular.ttf"; path = "../../../../Downloads/inter/Inter-Regular.ttf"; sourceTree = "<group>"; };
		27C9AE41288D3B9A00FA584A /* Inter-SemiBold.ttf */ = {isa = PBXFileReference; lastKnownFileType = file; name = "Inter-SemiBold.ttf"; path = "../../../../Downloads/inter/Inter-SemiBold.ttf"; sourceTree = "<group>"; };
		27C9AE42288D3B9A00FA584A /* Inter-ExtraBold.ttf */ = {isa = PBXFileReference; lastKnownFileType = file; name = "Inter-ExtraBold.ttf"; path = "../../../../Downloads/inter/Inter-ExtraBold.ttf"; sourceTree = "<group>"; };
		27C9AE43288D3B9A00FA584A /* Inter-Black.ttf */ = {isa = PBXFileReference; lastKnownFileType = file; name = "Inter-Black.ttf"; path = "../../../../Downloads/inter/Inter-Black.ttf"; sourceTree = "<group>"; };
		27C9AE44288D3B9A00FA584A /* Inter-Italic.ttf */ = {isa = PBXFileReference; lastKnownFileType = file; name = "Inter-Italic.ttf"; path = "../../../../Downloads/inter/Inter-Italic.ttf"; sourceTree = "<group>"; };
		27C9AE45288D3B9A00FA584A /* Inter-Light-BETA.ttf */ = {isa = PBXFileReference; lastKnownFileType = file; name = "Inter-Light-BETA.ttf"; path = "../../../../Downloads/inter/Inter-Light-BETA.ttf"; sourceTree = "<group>"; };
		27C9AE46288D3B9A00FA584A /* Inter-BoldItalic.ttf */ = {isa = PBXFileReference; lastKnownFileType = file; name = "Inter-BoldItalic.ttf"; path = "../../../../Downloads/inter/Inter-BoldItalic.ttf"; sourceTree = "<group>"; };
		27C9AE47288D3B9A00FA584A /* Inter-ExtraBoldItalic.ttf */ = {isa = PBXFileReference; lastKnownFileType = file; name = "Inter-ExtraBoldItalic.ttf"; path = "../../../../Downloads/inter/Inter-ExtraBoldItalic.ttf"; sourceTree = "<group>"; };
		27C9AE48288D3B9A00FA584A /* Inter-LightItalic-BETA.ttf */ = {isa = PBXFileReference; lastKnownFileType = file; name = "Inter-LightItalic-BETA.ttf"; path = "../../../../Downloads/inter/Inter-LightItalic-BETA.ttf"; sourceTree = "<group>"; };
		27C9AE49288D3B9A00FA584A /* Inter-MediumItalic.ttf */ = {isa = PBXFileReference; lastKnownFileType = file; name = "Inter-MediumItalic.ttf"; path = "../../../../Downloads/inter/Inter-MediumItalic.ttf"; sourceTree = "<group>"; };
		27C9AE4A288D3B9A00FA584A /* Inter-Bold.ttf */ = {isa = PBXFileReference; lastKnownFileType = file; name = "Inter-Bold.ttf"; path = "../../../../Downloads/inter/Inter-Bold.ttf"; sourceTree = "<group>"; };
		27C9AE4B288D3B9A00FA584A /* Inter-ExtraLight-BETA.ttf */ = {isa = PBXFileReference; lastKnownFileType = file; name = "Inter-ExtraLight-BETA.ttf"; path = "../../../../Downloads/inter/Inter-ExtraLight-BETA.ttf"; sourceTree = "<group>"; };
		27C9AE4C288D3B9A00FA584A /* Inter-ThinItalic-BETA.ttf */ = {isa = PBXFileReference; lastKnownFileType = file; name = "Inter-ThinItalic-BETA.ttf"; path = "../../../../Downloads/inter/Inter-ThinItalic-BETA.ttf"; sourceTree = "<group>"; };
		27C9AE4D288D3B9A00FA584A /* Inter-UI-BlackItalic.ttf */ = {isa = PBXFileReference; lastKnownFileType = file; name = "Inter-UI-BlackItalic.ttf"; path = "../../../../Downloads/inter/Inter-UI-BlackItalic.ttf"; sourceTree = "<group>"; };
		27C9AE4E288D3B9A00FA584A /* Inter-Thin-BETA.ttf */ = {isa = PBXFileReference; lastKnownFileType = file; name = "Inter-Thin-BETA.ttf"; path = "../../../../Downloads/inter/Inter-Thin-BETA.ttf"; sourceTree = "<group>"; };
		27C9AE4F288D3B9A00FA584A /* Inter-ExtraLightItalic-BETA.ttf */ = {isa = PBXFileReference; lastKnownFileType = file; name = "Inter-ExtraLightItalic-BETA.ttf"; path = "../../../../Downloads/inter/Inter-ExtraLightItalic-BETA.ttf"; sourceTree = "<group>"; };
		27C9AE50288D3B9A00FA584A /* Inter-SemiBoldItalic.ttf */ = {isa = PBXFileReference; lastKnownFileType = file; name = "Inter-SemiBoldItalic.ttf"; path = "../../../../Downloads/inter/Inter-SemiBoldItalic.ttf"; sourceTree = "<group>"; };
		27C9AE51288D3B9A00FA584A /* Inter-Medium.ttf */ = {isa = PBXFileReference; lastKnownFileType = file; name = "Inter-Medium.ttf"; path = "../../../../Downloads/inter/Inter-Medium.ttf"; sourceTree = "<group>"; };
		27C9AE68288D427600FA584A /* ProgressView.xib */ = {isa = PBXFileReference; fileEncoding = 4; lastKnownFileType = file.xib; name = ProgressView.xib; path = "../../../Rakwa-ios/Rakwa/Components/ProgressView.xib"; sourceTree = "<group>"; };
		27C9AE69288D427600FA584A /* ProgressView.swift */ = {isa = PBXFileReference; fileEncoding = 4; lastKnownFileType = sourcecode.swift; name = ProgressView.swift; path = "../../../Rakwa-ios/Rakwa/Components/ProgressView.swift"; sourceTree = "<group>"; };
		27C9AE6D288D445E00FA584A /* NibLoadableView.swift */ = {isa = PBXFileReference; fileEncoding = 4; lastKnownFileType = sourcecode.swift; name = NibLoadableView.swift; path = "../../../Rakwa-ios/Rakwa/Protocols/NibLoadableView.swift"; sourceTree = "<group>"; };
		27C9AE6E288D445E00FA584A /* ReusableView.swift */ = {isa = PBXFileReference; fileEncoding = 4; lastKnownFileType = sourcecode.swift; name = ReusableView.swift; path = "../../../Rakwa-ios/Rakwa/Protocols/ReusableView.swift"; sourceTree = "<group>"; };
		27C9AE71288D449800FA584A /* ProgressBar.swift */ = {isa = PBXFileReference; fileEncoding = 4; lastKnownFileType = sourcecode.swift; name = ProgressBar.swift; path = "../../../Rakwa-ios/Rakwa/Components/ProgressBar.swift"; sourceTree = "<group>"; };
		27C9AE73288D44F300FA584A /* UIViewFromNIB.swift */ = {isa = PBXFileReference; fileEncoding = 4; lastKnownFileType = sourcecode.swift; name = UIViewFromNIB.swift; path = "../../../Rakwa-ios/Rakwa/Helper/UIViewFromNIB.swift"; sourceTree = "<group>"; };
		27C9AE76288D470600FA584A /* OnBoardingVC.swift */ = {isa = PBXFileReference; lastKnownFileType = sourcecode.swift; path = OnBoardingVC.swift; sourceTree = "<group>"; };
		27C9AE77288D470600FA584A /* OnBoardingVC.xib */ = {isa = PBXFileReference; lastKnownFileType = file.xib; path = OnBoardingVC.xib; sourceTree = "<group>"; };
		27C9AE7B288D4B4400FA584A /* UIButtonDesignable.swift */ = {isa = PBXFileReference; fileEncoding = 4; lastKnownFileType = sourcecode.swift; name = UIButtonDesignable.swift; path = ../../../../DigitalSapphire/DigitalSapphire/Helper/UIButtonDesignable.swift; sourceTree = "<group>"; };
		27C9AE7D288D4C1E00FA584A /* OnBoardingFrame2.swift */ = {isa = PBXFileReference; lastKnownFileType = sourcecode.swift; path = OnBoardingFrame2.swift; sourceTree = "<group>"; };
		27C9AE7E288D4C1E00FA584A /* OnBoardingFrame2.xib */ = {isa = PBXFileReference; lastKnownFileType = file.xib; path = OnBoardingFrame2.xib; sourceTree = "<group>"; };
		27C9AE81288D4F0600FA584A /* OnBoardingFrame3.swift */ = {isa = PBXFileReference; lastKnownFileType = sourcecode.swift; path = OnBoardingFrame3.swift; sourceTree = "<group>"; };
		27C9AE82288D4F0600FA584A /* OnBoardingFrame3.xib */ = {isa = PBXFileReference; lastKnownFileType = file.xib; path = OnBoardingFrame3.xib; sourceTree = "<group>"; };
		27C9AE85288D50A800FA584A /* UIViewDesignable.swift */ = {isa = PBXFileReference; fileEncoding = 4; lastKnownFileType = sourcecode.swift; name = UIViewDesignable.swift; path = ../../../../DigitalSapphire/DigitalSapphire/Helper/UIViewDesignable.swift; sourceTree = "<group>"; };
		27C9AE87288D51FD00FA584A /* OnBoardingFrame4.swift */ = {isa = PBXFileReference; lastKnownFileType = sourcecode.swift; path = OnBoardingFrame4.swift; sourceTree = "<group>"; };
		27C9AE88288D51FD00FA584A /* OnBoardingFrame4.xib */ = {isa = PBXFileReference; lastKnownFileType = file.xib; path = OnBoardingFrame4.xib; sourceTree = "<group>"; };
		27C9AE8D288D54AA00FA584A /* OnBoardingFrame5.swift */ = {isa = PBXFileReference; lastKnownFileType = sourcecode.swift; path = OnBoardingFrame5.swift; sourceTree = "<group>"; };
		27C9AE8E288D54AA00FA584A /* OnBoardingFrame5.xib */ = {isa = PBXFileReference; lastKnownFileType = file.xib; path = OnBoardingFrame5.xib; sourceTree = "<group>"; };
		27C9AE97288D899E00FA584A /* OpportunityView.swift */ = {isa = PBXFileReference; fileEncoding = 4; lastKnownFileType = sourcecode.swift; name = OpportunityView.swift; path = "../../../Rakwa-ios/Rakwa/Components/OpportunityView.swift"; sourceTree = "<group>"; };
		27C9AE98288D899E00FA584A /* OpportunityView.xib */ = {isa = PBXFileReference; fileEncoding = 4; lastKnownFileType = file.xib; name = OpportunityView.xib; path = "../../../Rakwa-ios/Rakwa/Components/OpportunityView.xib"; sourceTree = "<group>"; };
		27C9AE9C288D8BEC00FA584A /* OpportunityViewVC.swift */ = {isa = PBXFileReference; lastKnownFileType = sourcecode.swift; path = OpportunityViewVC.swift; sourceTree = "<group>"; };
		27C9AE9D288D8BEC00FA584A /* OpportunityViewVC.xib */ = {isa = PBXFileReference; lastKnownFileType = file.xib; path = OpportunityViewVC.xib; sourceTree = "<group>"; };
		27C9AEA0288D971700FA584A /* VolunteerOpportunityVC.swift */ = {isa = PBXFileReference; lastKnownFileType = sourcecode.swift; path = VolunteerOpportunityVC.swift; sourceTree = "<group>"; };
		27C9AEA1288D971700FA584A /* VolunteerOpportunityVC.xib */ = {isa = PBXFileReference; lastKnownFileType = file.xib; path = VolunteerOpportunityVC.xib; sourceTree = "<group>"; };
		27C9AEA4288DA1A600FA584A /* UIImageViewDesignable.swift */ = {isa = PBXFileReference; fileEncoding = 4; lastKnownFileType = sourcecode.swift; name = UIImageViewDesignable.swift; path = ../../../../DigitalSapphire/DigitalSapphire/Helper/UIImageViewDesignable.swift; sourceTree = "<group>"; };
		27C9AEA8288DA8E300FA584A /* TaskCollectionViewCell.swift */ = {isa = PBXFileReference; lastKnownFileType = sourcecode.swift; path = TaskCollectionViewCell.swift; sourceTree = "<group>"; };
		27C9AEA9288DA8E300FA584A /* TaskCollectionViewCell.xib */ = {isa = PBXFileReference; lastKnownFileType = file.xib; path = TaskCollectionViewCell.xib; sourceTree = "<group>"; };
		27C9AEAC288DB44600FA584A /* CategoriesCollectionViewCell.swift */ = {isa = PBXFileReference; lastKnownFileType = sourcecode.swift; path = CategoriesCollectionViewCell.swift; sourceTree = "<group>"; };
		27C9AEAD288DB44600FA584A /* CategoriesCollectionViewCell.xib */ = {isa = PBXFileReference; lastKnownFileType = file.xib; path = CategoriesCollectionViewCell.xib; sourceTree = "<group>"; };
		27C9AEB1288EF14900FA584A /* MealMarkerTableViewCell.swift */ = {isa = PBXFileReference; lastKnownFileType = sourcecode.swift; path = MealMarkerTableViewCell.swift; sourceTree = "<group>"; };
		27C9AEB2288EF14900FA584A /* MealMarkerTableViewCell.xib */ = {isa = PBXFileReference; lastKnownFileType = file.xib; path = MealMarkerTableViewCell.xib; sourceTree = "<group>"; };
		27C9AEB7288EF61200FA584A /* DonationVC.swift */ = {isa = PBXFileReference; lastKnownFileType = sourcecode.swift; path = DonationVC.swift; sourceTree = "<group>"; };
		27C9AEB8288EF61200FA584A /* DonationVC.xib */ = {isa = PBXFileReference; lastKnownFileType = file.xib; path = DonationVC.xib; sourceTree = "<group>"; };
		27C9AEBB288EFBA200FA584A /* DonationFrameTwoVC.swift */ = {isa = PBXFileReference; lastKnownFileType = sourcecode.swift; path = DonationFrameTwoVC.swift; sourceTree = "<group>"; };
		27C9AEBD288F104900FA584A /* TableViewHelper.swift */ = {isa = PBXFileReference; fileEncoding = 4; lastKnownFileType = sourcecode.swift; name = TableViewHelper.swift; path = "../../../Rakwa-ios/Rakwa/Helper/TableViewHelper.swift"; sourceTree = "<group>"; };
		46608627E894627402509900 /* Pods-GoodLifeApplocation.release.xcconfig */ = {isa = PBXFileReference; includeInIndex = 1; lastKnownFileType = text.xcconfig; name = "Pods-GoodLifeApplocation.release.xcconfig"; path = "Target Support Files/Pods-GoodLifeApplocation/Pods-GoodLifeApplocation.release.xcconfig"; sourceTree = "<group>"; };
		D1DB83CD4E289D2153C7D862 /* Pods-GoodLifeApplocation.debug.xcconfig */ = {isa = PBXFileReference; includeInIndex = 1; lastKnownFileType = text.xcconfig; name = "Pods-GoodLifeApplocation.debug.xcconfig"; path = "Target Support Files/Pods-GoodLifeApplocation/Pods-GoodLifeApplocation.debug.xcconfig"; sourceTree = "<group>"; };
		F0E5AE3CF2C1C421B86FEF65 /* Pods_GoodLifeApplocation.framework */ = {isa = PBXFileReference; explicitFileType = wrapper.framework; includeInIndex = 0; path = Pods_GoodLifeApplocation.framework; sourceTree = BUILT_PRODUCTS_DIR; };
/* End PBXFileReference section */

/* Begin PBXFrameworksBuildPhase section */
		27C9AE20288D38E900FA584A /* Frameworks */ = {
			isa = PBXFrameworksBuildPhase;
			buildActionMask = 2147483647;
			files = (
				24983235073DC38B89F7802A /* Pods_GoodLifeApplocation.framework in Frameworks */,
			);
			runOnlyForDeploymentPostprocessing = 0;
		};
/* End PBXFrameworksBuildPhase section */

/* Begin PBXGroup section */
		061866EC378619EBC1A5B14C /* Pods */ = {
			isa = PBXGroup;
			children = (
				D1DB83CD4E289D2153C7D862 /* Pods-GoodLifeApplocation.debug.xcconfig */,
				46608627E894627402509900 /* Pods-GoodLifeApplocation.release.xcconfig */,
			);
			path = Pods;
			sourceTree = "<group>";
		};
		27C9AE1A288D38E900FA584A = {
			isa = PBXGroup;
			children = (
				27C9AE25288D38E900FA584A /* GoodLifeApplocation */,
				27C9AE24288D38E900FA584A /* Products */,
				061866EC378619EBC1A5B14C /* Pods */,
				CE579E479D56B849348B0B26 /* Frameworks */,
			);
			sourceTree = "<group>";
		};
		27C9AE24288D38E900FA584A /* Products */ = {
			isa = PBXGroup;
			children = (
				27C9AE23288D38E900FA584A /* GoodLifeApplocation.app */,
			);
			name = Products;
			sourceTree = "<group>";
		};
		27C9AE25288D38E900FA584A /* GoodLifeApplocation */ = {
			isa = PBXGroup;
			children = (
				27C9AE3F288D3B8900FA584A /* Fonts */,
				27C9AE6C288D444B00FA584A /* Protocols */,
				27C9AE67288D425100FA584A /* Component */,
				27C9AE3A288D399400FA584A /* Scenes */,
				27C9AE26288D38E900FA584A /* AppDelegate.swift */,
				27C9AE28288D38E900FA584A /* SceneDelegate.swift */,
				27C9AE2A288D38E900FA584A /* ViewController.swift */,
				27C9AE2C288D38E900FA584A /* Main.storyboard */,
				27C9AE2F288D38EA00FA584A /* Assets.xcassets */,
				27C9AE31288D38EA00FA584A /* LaunchScreen.storyboard */,
				27C9AE34288D38EA00FA584A /* Info.plist */,
			);
			path = GoodLifeApplocation;
			sourceTree = "<group>";
		};
		27C9AE3A288D399400FA584A /* Scenes */ = {
			isa = PBXGroup;
			children = (
				27C9AEB0288EF0DF00FA584A /* DonationVC */,
				27C9AEA6288DA88200FA584A /* HomeVC */,
				27C9AE9B288D8BB100FA584A /* ViewOppouritunityVC */,
				27C9AE7A288D471300FA584A /* SplashScreen */,
				27C9AE75288D46EA00FA584A /* OnBoardingVC */,
			);
			path = Scenes;
			sourceTree = "<group>";
		};
		27C9AE3F288D3B8900FA584A /* Fonts */ = {
			isa = PBXGroup;
			children = (
				27C9AE43288D3B9A00FA584A /* Inter-Black.ttf */,
				27C9AE4A288D3B9A00FA584A /* Inter-Bold.ttf */,
				27C9AE46288D3B9A00FA584A /* Inter-BoldItalic.ttf */,
				27C9AE42288D3B9A00FA584A /* Inter-ExtraBold.ttf */,
				27C9AE47288D3B9A00FA584A /* Inter-ExtraBoldItalic.ttf */,
				27C9AE4B288D3B9A00FA584A /* Inter-ExtraLight-BETA.ttf */,
				27C9AE4F288D3B9A00FA584A /* Inter-ExtraLightItalic-BETA.ttf */,
				27C9AE44288D3B9A00FA584A /* Inter-Italic.ttf */,
				27C9AE45288D3B9A00FA584A /* Inter-Light-BETA.ttf */,
				27C9AE48288D3B9A00FA584A /* Inter-LightItalic-BETA.ttf */,
				27C9AE51288D3B9A00FA584A /* Inter-Medium.ttf */,
				27C9AE49288D3B9A00FA584A /* Inter-MediumItalic.ttf */,
				27C9AE40288D3B9A00FA584A /* Inter-Regular.ttf */,
				27C9AE41288D3B9A00FA584A /* Inter-SemiBold.ttf */,
				27C9AE50288D3B9A00FA584A /* Inter-SemiBoldItalic.ttf */,
				27C9AE4E288D3B9A00FA584A /* Inter-Thin-BETA.ttf */,
				27C9AE4C288D3B9A00FA584A /* Inter-ThinItalic-BETA.ttf */,
				27C9AE4D288D3B9A00FA584A /* Inter-UI-BlackItalic.ttf */,
			);
			path = Fonts;
			sourceTree = "<group>";
		};
		27C9AE64288D3F2700FA584A /* Designable */ = {
			isa = PBXGroup;
			children = (
				27C9AEA4288DA1A600FA584A /* UIImageViewDesignable.swift */,
				27C9AE85288D50A800FA584A /* UIViewDesignable.swift */,
				27C9AE7B288D4B4400FA584A /* UIButtonDesignable.swift */,
			);
			path = Designable;
			sourceTree = "<group>";
		};
		27C9AE67288D425100FA584A /* Component */ = {
			isa = PBXGroup;
			children = (
				27C9AEBD288F104900FA584A /* TableViewHelper.swift */,
				27C9AE97288D899E00FA584A /* OpportunityView.swift */,
				27C9AE98288D899E00FA584A /* OpportunityView.xib */,
				27C9AE64288D3F2700FA584A /* Designable */,
				27C9AE73288D44F300FA584A /* UIViewFromNIB.swift */,
				27C9AE71288D449800FA584A /* ProgressBar.swift */,
				27C9AE69288D427600FA584A /* ProgressView.swift */,
				27C9AE68288D427600FA584A /* ProgressView.xib */,
			);
			path = Component;
			sourceTree = "<group>";
		};
		27C9AE6C288D444B00FA584A /* Protocols */ = {
			isa = PBXGroup;
			children = (
				27C9AE6D288D445E00FA584A /* NibLoadableView.swift */,
				27C9AE6E288D445E00FA584A /* ReusableView.swift */,
			);
			path = Protocols;
			sourceTree = "<group>";
		};
		27C9AE75288D46EA00FA584A /* OnBoardingVC */ = {
			isa = PBXGroup;
			children = (
				27C9AE76288D470600FA584A /* OnBoardingVC.swift */,
				27C9AE77288D470600FA584A /* OnBoardingVC.xib */,
				27C9AE7D288D4C1E00FA584A /* OnBoardingFrame2.swift */,
				27C9AE7E288D4C1E00FA584A /* OnBoardingFrame2.xib */,
				27C9AE81288D4F0600FA584A /* OnBoardingFrame3.swift */,
				27C9AE82288D4F0600FA584A /* OnBoardingFrame3.xib */,
				27C9AE87288D51FD00FA584A /* OnBoardingFrame4.swift */,
				27C9AE88288D51FD00FA584A /* OnBoardingFrame4.xib */,
				27C9AE8D288D54AA00FA584A /* OnBoardingFrame5.swift */,
				27C9AE8E288D54AA00FA584A /* OnBoardingFrame5.xib */,
			);
			path = OnBoardingVC;
			sourceTree = "<group>";
		};
		27C9AE7A288D471300FA584A /* SplashScreen */ = {
			isa = PBXGroup;
			children = (
				27C9AE3B288D39B300FA584A /* SplashScreen.swift */,
				27C9AE3C288D39B300FA584A /* SplashScreen.xib */,
			);
			path = SplashScreen;
			sourceTree = "<group>";
		};
		27C9AE9B288D8BB100FA584A /* ViewOppouritunityVC */ = {
			isa = PBXGroup;
			children = (
				27C9AEA0288D971700FA584A /* VolunteerOpportunityVC.swift */,
				27C9AEA1288D971700FA584A /* VolunteerOpportunityVC.xib */,
				27C9AE9C288D8BEC00FA584A /* OpportunityViewVC.swift */,
				27C9AE9D288D8BEC00FA584A /* OpportunityViewVC.xib */,
			);
			path = ViewOppouritunityVC;
			sourceTree = "<group>";
		};
		27C9AEA6288DA88200FA584A /* HomeVC */ = {
			isa = PBXGroup;
			children = (
				27C9AEA7288DA88F00FA584A /* XIB */,
			);
			path = HomeVC;
			sourceTree = "<group>";
		};
		27C9AEA7288DA88F00FA584A /* XIB */ = {
			isa = PBXGroup;
			children = (
				27C9AEA8288DA8E300FA584A /* TaskCollectionViewCell.swift */,
				27C9AEA9288DA8E300FA584A /* TaskCollectionViewCell.xib */,
				27C9AEAC288DB44600FA584A /* CategoriesCollectionViewCell.swift */,
				27C9AEAD288DB44600FA584A /* CategoriesCollectionViewCell.xib */,
			);
			path = XIB;
			sourceTree = "<group>";
		};
		27C9AEB0288EF0DF00FA584A /* DonationVC */ = {
			isa = PBXGroup;
			children = (
				27C9AEB6288EF5B900FA584A /* Scenes */,
				27C9AEB5288EF15300FA584A /* XIB */,
			);
			path = DonationVC;
			sourceTree = "<group>";
		};
		27C9AEB5288EF15300FA584A /* XIB */ = {
			isa = PBXGroup;
			children = (
				27C9AEB1288EF14900FA584A /* MealMarkerTableViewCell.swift */,
				27C9AEB2288EF14900FA584A /* MealMarkerTableViewCell.xib */,
			);
			path = XIB;
			sourceTree = "<group>";
		};
		27C9AEB6288EF5B900FA584A /* Scenes */ = {
			isa = PBXGroup;
			children = (
				27C9AEB7288EF61200FA584A /* DonationVC.swift */,
				27C9AEB8288EF61200FA584A /* DonationVC.xib */,
				27C9AEBB288EFBA200FA584A /* DonationFrameTwoVC.swift */,
				2767A26F288F3CD600DF34D1 /* DonationThirdFrame.swift */,
				2767A270288F3CD600DF34D1 /* DonationThirdFrame.xib */,
				2767A273288F504A00DF34D1 /* DonationFourthFrame.swift */,
				2767A274288F504A00DF34D1 /* DonationFourthFrame.xib */,
				2767A277288F53C100DF34D1 /* DonationFifthFrameVC.swift */,
				2767A278288F53C100DF34D1 /* DonationFifthFrameVC.xib */,
			);
			path = Scenes;
			sourceTree = "<group>";
		};
		CE579E479D56B849348B0B26 /* Frameworks */ = {
			isa = PBXGroup;
			children = (
				F0E5AE3CF2C1C421B86FEF65 /* Pods_GoodLifeApplocation.framework */,
			);
			name = Frameworks;
			sourceTree = "<group>";
		};
/* End PBXGroup section */

/* Begin PBXNativeTarget section */
		27C9AE22288D38E900FA584A /* GoodLifeApplocation */ = {
			isa = PBXNativeTarget;
			buildConfigurationList = 27C9AE37288D38EA00FA584A /* Build configuration list for PBXNativeTarget "GoodLifeApplocation" */;
			buildPhases = (
				BABDA1275312FBF17FBA3297 /* [CP] Check Pods Manifest.lock */,
				27C9AE1F288D38E900FA584A /* Sources */,
				27C9AE20288D38E900FA584A /* Frameworks */,
				27C9AE21288D38E900FA584A /* Resources */,
				D256DC5222DCCA1E34C67345 /* [CP] Embed Pods Frameworks */,
			);
			buildRules = (
			);
			dependencies = (
			);
			name = GoodLifeApplocation;
			productName = GoodLifeApplocation;
			productReference = 27C9AE23288D38E900FA584A /* GoodLifeApplocation.app */;
			productType = "com.apple.product-type.application";
		};
/* End PBXNativeTarget section */

/* Begin PBXProject section */
		27C9AE1B288D38E900FA584A /* Project object */ = {
			isa = PBXProject;
			attributes = {
				BuildIndependentTargetsInParallel = 1;
				LastSwiftUpdateCheck = 1340;
				LastUpgradeCheck = 1340;
				TargetAttributes = {
					27C9AE22288D38E900FA584A = {
						CreatedOnToolsVersion = 13.4.1;
					};
				};
			};
			buildConfigurationList = 27C9AE1E288D38E900FA584A /* Build configuration list for PBXProject "GoodLifeApplocation" */;
			compatibilityVersion = "Xcode 13.0";
			developmentRegion = en;
			hasScannedForEncodings = 0;
			knownRegions = (
				en,
				Base,
			);
			mainGroup = 27C9AE1A288D38E900FA584A;
			productRefGroup = 27C9AE24288D38E900FA584A /* Products */;
			projectDirPath = "";
			projectRoot = "";
			targets = (
				27C9AE22288D38E900FA584A /* GoodLifeApplocation */,
			);
		};
/* End PBXProject section */

/* Begin PBXResourcesBuildPhase section */
		27C9AE21288D38E900FA584A /* Resources */ = {
			isa = PBXResourcesBuildPhase;
			buildActionMask = 2147483647;
			files = (
				27C9AE80288D4C1E00FA584A /* OnBoardingFrame2.xib in Resources */,
				27C9AEA3288D971700FA584A /* VolunteerOpportunityVC.xib in Resources */,
				27C9AE59288D3CB500FA584A /* Inter-SemiBold.ttf in Resources */,
				27C9AE5C288D3CB500FA584A /* Inter-Regular.ttf in Resources */,
				27C9AE60288D3CB500FA584A /* Inter-UI-BlackItalic.ttf in Resources */,
				27C9AEAB288DA8E300FA584A /* TaskCollectionViewCell.xib in Resources */,
				27C9AE57288D3CB500FA584A /* Inter-LightItalic-BETA.ttf in Resources */,
				27C9AE63288D3CB500FA584A /* Inter-MediumItalic.ttf in Resources */,
				27C9AE61288D3CB500FA584A /* Inter-SemiBoldItalic.ttf in Resources */,
				2767A272288F3CD600DF34D1 /* DonationThirdFrame.xib in Resources */,
				27C9AE53288D3CA300FA584A /* Inter-Bold.ttf in Resources */,
				27C9AE5B288D3CB500FA584A /* Inter-ExtraBold.ttf in Resources */,
				27C9AE54288D3CB500FA584A /* Inter-BoldItalic.ttf in Resources */,
				27C9AE9A288D899E00FA584A /* OpportunityView.xib in Resources */,
				27C9AE3E288D39B300FA584A /* SplashScreen.xib in Resources */,
				2767A276288F504A00DF34D1 /* DonationFourthFrame.xib in Resources */,
				27C9AE5F288D3CB500FA584A /* Inter-Italic.ttf in Resources */,
				27C9AE5E288D3CB500FA584A /* Inter-ExtraBoldItalic.ttf in Resources */,
				27C9AE58288D3CB500FA584A /* Inter-Thin-BETA.ttf in Resources */,
				27C9AE33288D38EA00FA584A /* LaunchScreen.storyboard in Resources */,
				27C9AE5D288D3CB500FA584A /* Inter-ExtraLight-BETA.ttf in Resources */,
				27C9AE90288D54AA00FA584A /* OnBoardingFrame5.xib in Resources */,
				27C9AEB4288EF14900FA584A /* MealMarkerTableViewCell.xib in Resources */,
				27C9AEAF288DB44600FA584A /* CategoriesCollectionViewCell.xib in Resources */,
				27C9AE84288D4F0600FA584A /* OnBoardingFrame3.xib in Resources */,
				27C9AE9F288D8BEC00FA584A /* OpportunityViewVC.xib in Resources */,
				27C9AE52288D3CA000FA584A /* Inter-Black.ttf in Resources */,
				27C9AE6A288D427600FA584A /* ProgressView.xib in Resources */,
				2767A27A288F53C100DF34D1 /* DonationFifthFrameVC.xib in Resources */,
				27C9AE55288D3CB500FA584A /* Inter-ExtraLightItalic-BETA.ttf in Resources */,
				27C9AE30288D38EA00FA584A /* Assets.xcassets in Resources */,
				27C9AEBA288EF61200FA584A /* DonationVC.xib in Resources */,
				27C9AE8A288D51FD00FA584A /* OnBoardingFrame4.xib in Resources */,
				27C9AE2E288D38E900FA584A /* Main.storyboard in Resources */,
				27C9AE5A288D3CB500FA584A /* Inter-ThinItalic-BETA.ttf in Resources */,
				27C9AE79288D470600FA584A /* OnBoardingVC.xib in Resources */,
				27C9AE62288D3CB500FA584A /* Inter-Light-BETA.ttf in Resources */,
				27C9AE56288D3CB500FA584A /* Inter-Medium.ttf in Resources */,
			);
			runOnlyForDeploymentPostprocessing = 0;
		};
/* End PBXResourcesBuildPhase section */

/* Begin PBXShellScriptBuildPhase section */
		BABDA1275312FBF17FBA3297 /* [CP] Check Pods Manifest.lock */ = {
			isa = PBXShellScriptBuildPhase;
			buildActionMask = 2147483647;
			files = (
			);
			inputFileListPaths = (
			);
			inputPaths = (
				"${PODS_PODFILE_DIR_PATH}/Podfile.lock",
				"${PODS_ROOT}/Manifest.lock",
			);
			name = "[CP] Check Pods Manifest.lock";
			outputFileListPaths = (
			);
			outputPaths = (
				"$(DERIVED_FILE_DIR)/Pods-GoodLifeApplocation-checkManifestLockResult.txt",
			);
			runOnlyForDeploymentPostprocessing = 0;
			shellPath = /bin/sh;
			shellScript = "diff \"${PODS_PODFILE_DIR_PATH}/Podfile.lock\" \"${PODS_ROOT}/Manifest.lock\" > /dev/null\nif [ $? != 0 ] ; then\n    # print error to STDERR\n    echo \"error: The sandbox is not in sync with the Podfile.lock. Run 'pod install' or update your CocoaPods installation.\" >&2\n    exit 1\nfi\n# This output is used by Xcode 'outputs' to avoid re-running this script phase.\necho \"SUCCESS\" > \"${SCRIPT_OUTPUT_FILE_0}\"\n";
			showEnvVarsInLog = 0;
		};
		D256DC5222DCCA1E34C67345 /* [CP] Embed Pods Frameworks */ = {
			isa = PBXShellScriptBuildPhase;
			buildActionMask = 2147483647;
			files = (
			);
			inputFileListPaths = (
				"${PODS_ROOT}/Target Support Files/Pods-GoodLifeApplocation/Pods-GoodLifeApplocation-frameworks-${CONFIGURATION}-input-files.xcfilelist",
			);
			name = "[CP] Embed Pods Frameworks";
			outputFileListPaths = (
				"${PODS_ROOT}/Target Support Files/Pods-GoodLifeApplocation/Pods-GoodLifeApplocation-frameworks-${CONFIGURATION}-output-files.xcfilelist",
			);
			runOnlyForDeploymentPostprocessing = 0;
			shellPath = /bin/sh;
			shellScript = "\"${PODS_ROOT}/Target Support Files/Pods-GoodLifeApplocation/Pods-GoodLifeApplocation-frameworks.sh\"\n";
			showEnvVarsInLog = 0;
		};
/* End PBXShellScriptBuildPhase section */

/* Begin PBXSourcesBuildPhase section */
		27C9AE1F288D38E900FA584A /* Sources */ = {
			isa = PBXSourcesBuildPhase;
			buildActionMask = 2147483647;
			files = (
				27C9AE89288D51FD00FA584A /* OnBoardingFrame4.swift in Sources */,
				27C9AE3D288D39B300FA584A /* SplashScreen.swift in Sources */,
				27C9AE2B288D38E900FA584A /* ViewController.swift in Sources */,
				27C9AEBE288F104900FA584A /* TableViewHelper.swift in Sources */,
				27C9AE86288D50A800FA584A /* UIViewDesignable.swift in Sources */,
				27C9AEA5288DA1A600FA584A /* UIImageViewDesignable.swift in Sources */,
				27C9AEBC288EFBA200FA584A /* DonationFrameTwoVC.swift in Sources */,
				27C9AE99288D899E00FA584A /* OpportunityView.swift in Sources */,
				27C9AEB3288EF14900FA584A /* MealMarkerTableViewCell.swift in Sources */,
				2767A279288F53C100DF34D1 /* DonationFifthFrameVC.swift in Sources */,
				27C9AE8F288D54AA00FA584A /* OnBoardingFrame5.swift in Sources */,
				27C9AEA2288D971700FA584A /* VolunteerOpportunityVC.swift in Sources */,
				27C9AEAE288DB44600FA584A /* CategoriesCollectionViewCell.swift in Sources */,
				27C9AE6F288D445E00FA584A /* NibLoadableView.swift in Sources */,
				27C9AE70288D445E00FA584A /* ReusableView.swift in Sources */,
				27C9AE72288D449800FA584A /* ProgressBar.swift in Sources */,
				2767A271288F3CD600DF34D1 /* DonationThirdFrame.swift in Sources */,
				27C9AE7F288D4C1E00FA584A /* OnBoardingFrame2.swift in Sources */,
				27C9AEAA288DA8E300FA584A /* TaskCollectionViewCell.swift in Sources */,
				27C9AE7C288D4B4400FA584A /* UIButtonDesignable.swift in Sources */,
				27C9AEB9288EF61200FA584A /* DonationVC.swift in Sources */,
				27C9AE27288D38E900FA584A /* AppDelegate.swift in Sources */,
				27C9AE74288D44F300FA584A /* UIViewFromNIB.swift in Sources */,
				27C9AE29288D38E900FA584A /* SceneDelegate.swift in Sources */,
				2767A275288F504A00DF34D1 /* DonationFourthFrame.swift in Sources */,
				27C9AE83288D4F0600FA584A /* OnBoardingFrame3.swift in Sources */,
				27C9AE9E288D8BEC00FA584A /* OpportunityViewVC.swift in Sources */,
				27C9AE78288D470600FA584A /* OnBoardingVC.swift in Sources */,
				27C9AE6B288D427600FA584A /* ProgressView.swift in Sources */,
			);
			runOnlyForDeploymentPostprocessing = 0;
		};
/* End PBXSourcesBuildPhase section */

/* Begin PBXVariantGroup section */
		27C9AE2C288D38E900FA584A /* Main.storyboard */ = {
			isa = PBXVariantGroup;
			children = (
				27C9AE2D288D38E900FA584A /* Base */,
			);
			name = Main.storyboard;
			sourceTree = "<group>";
		};
		27C9AE31288D38EA00FA584A /* LaunchScreen.storyboard */ = {
			isa = PBXVariantGroup;
			children = (
				27C9AE32288D38EA00FA584A /* Base */,
			);
			name = LaunchScreen.storyboard;
			sourceTree = "<group>";
		};
/* End PBXVariantGroup section */

/* Begin XCBuildConfiguration section */
		27C9AE35288D38EA00FA584A /* Debug */ = {
			isa = XCBuildConfiguration;
			buildSettings = {
				ALWAYS_SEARCH_USER_PATHS = NO;
				CLANG_ANALYZER_NONNULL = YES;
				CLANG_ANALYZER_NUMBER_OBJECT_CONVERSION = YES_AGGRESSIVE;
				CLANG_CXX_LANGUAGE_STANDARD = "gnu++17";
				CLANG_ENABLE_MODULES = YES;
				CLANG_ENABLE_OBJC_ARC = YES;
				CLANG_ENABLE_OBJC_WEAK = YES;
				CLANG_WARN_BLOCK_CAPTURE_AUTORELEASING = YES;
				CLANG_WARN_BOOL_CONVERSION = YES;
				CLANG_WARN_COMMA = YES;
				CLANG_WARN_CONSTANT_CONVERSION = YES;
				CLANG_WARN_DEPRECATED_OBJC_IMPLEMENTATIONS = YES;
				CLANG_WARN_DIRECT_OBJC_ISA_USAGE = YES_ERROR;
				CLANG_WARN_DOCUMENTATION_COMMENTS = YES;
				CLANG_WARN_EMPTY_BODY = YES;
				CLANG_WARN_ENUM_CONVERSION = YES;
				CLANG_WARN_INFINITE_RECURSION = YES;
				CLANG_WARN_INT_CONVERSION = YES;
				CLANG_WARN_NON_LITERAL_NULL_CONVERSION = YES;
				CLANG_WARN_OBJC_IMPLICIT_RETAIN_SELF = YES;
				CLANG_WARN_OBJC_LITERAL_CONVERSION = YES;
				CLANG_WARN_OBJC_ROOT_CLASS = YES_ERROR;
				CLANG_WARN_QUOTED_INCLUDE_IN_FRAMEWORK_HEADER = YES;
				CLANG_WARN_RANGE_LOOP_ANALYSIS = YES;
				CLANG_WARN_STRICT_PROTOTYPES = YES;
				CLANG_WARN_SUSPICIOUS_MOVE = YES;
				CLANG_WARN_UNGUARDED_AVAILABILITY = YES_AGGRESSIVE;
				CLANG_WARN_UNREACHABLE_CODE = YES;
				CLANG_WARN__DUPLICATE_METHOD_MATCH = YES;
				COPY_PHASE_STRIP = NO;
				DEBUG_INFORMATION_FORMAT = dwarf;
				ENABLE_STRICT_OBJC_MSGSEND = YES;
				ENABLE_TESTABILITY = YES;
				GCC_C_LANGUAGE_STANDARD = gnu11;
				GCC_DYNAMIC_NO_PIC = NO;
				GCC_NO_COMMON_BLOCKS = YES;
				GCC_OPTIMIZATION_LEVEL = 0;
				GCC_PREPROCESSOR_DEFINITIONS = (
					"DEBUG=1",
					"$(inherited)",
				);
				GCC_WARN_64_TO_32_BIT_CONVERSION = YES;
				GCC_WARN_ABOUT_RETURN_TYPE = YES_ERROR;
				GCC_WARN_UNDECLARED_SELECTOR = YES;
				GCC_WARN_UNINITIALIZED_AUTOS = YES_AGGRESSIVE;
				GCC_WARN_UNUSED_FUNCTION = YES;
				GCC_WARN_UNUSED_VARIABLE = YES;
				IPHONEOS_DEPLOYMENT_TARGET = 15.5;
				MTL_ENABLE_DEBUG_INFO = INCLUDE_SOURCE;
				MTL_FAST_MATH = YES;
				ONLY_ACTIVE_ARCH = YES;
				SDKROOT = iphoneos;
				SWIFT_ACTIVE_COMPILATION_CONDITIONS = DEBUG;
				SWIFT_OPTIMIZATION_LEVEL = "-Onone";
			};
			name = Debug;
		};
		27C9AE36288D38EA00FA584A /* Release */ = {
			isa = XCBuildConfiguration;
			buildSettings = {
				ALWAYS_SEARCH_USER_PATHS = NO;
				CLANG_ANALYZER_NONNULL = YES;
				CLANG_ANALYZER_NUMBER_OBJECT_CONVERSION = YES_AGGRESSIVE;
				CLANG_CXX_LANGUAGE_STANDARD = "gnu++17";
				CLANG_ENABLE_MODULES = YES;
				CLANG_ENABLE_OBJC_ARC = YES;
				CLANG_ENABLE_OBJC_WEAK = YES;
				CLANG_WARN_BLOCK_CAPTURE_AUTORELEASING = YES;
				CLANG_WARN_BOOL_CONVERSION = YES;
				CLANG_WARN_COMMA = YES;
				CLANG_WARN_CONSTANT_CONVERSION = YES;
				CLANG_WARN_DEPRECATED_OBJC_IMPLEMENTATIONS = YES;
				CLANG_WARN_DIRECT_OBJC_ISA_USAGE = YES_ERROR;
				CLANG_WARN_DOCUMENTATION_COMMENTS = YES;
				CLANG_WARN_EMPTY_BODY = YES;
				CLANG_WARN_ENUM_CONVERSION = YES;
				CLANG_WARN_INFINITE_RECURSION = YES;
				CLANG_WARN_INT_CONVERSION = YES;
				CLANG_WARN_NON_LITERAL_NULL_CONVERSION = YES;
				CLANG_WARN_OBJC_IMPLICIT_RETAIN_SELF = YES;
				CLANG_WARN_OBJC_LITERAL_CONVERSION = YES;
				CLANG_WARN_OBJC_ROOT_CLASS = YES_ERROR;
				CLANG_WARN_QUOTED_INCLUDE_IN_FRAMEWORK_HEADER = YES;
				CLANG_WARN_RANGE_LOOP_ANALYSIS = YES;
				CLANG_WARN_STRICT_PROTOTYPES = YES;
				CLANG_WARN_SUSPICIOUS_MOVE = YES;
				CLANG_WARN_UNGUARDED_AVAILABILITY = YES_AGGRESSIVE;
				CLANG_WARN_UNREACHABLE_CODE = YES;
				CLANG_WARN__DUPLICATE_METHOD_MATCH = YES;
				COPY_PHASE_STRIP = NO;
				DEBUG_INFORMATION_FORMAT = "dwarf-with-dsym";
				ENABLE_NS_ASSERTIONS = NO;
				ENABLE_STRICT_OBJC_MSGSEND = YES;
				GCC_C_LANGUAGE_STANDARD = gnu11;
				GCC_NO_COMMON_BLOCKS = YES;
				GCC_WARN_64_TO_32_BIT_CONVERSION = YES;
				GCC_WARN_ABOUT_RETURN_TYPE = YES_ERROR;
				GCC_WARN_UNDECLARED_SELECTOR = YES;
				GCC_WARN_UNINITIALIZED_AUTOS = YES_AGGRESSIVE;
				GCC_WARN_UNUSED_FUNCTION = YES;
				GCC_WARN_UNUSED_VARIABLE = YES;
				IPHONEOS_DEPLOYMENT_TARGET = 15.5;
				MTL_ENABLE_DEBUG_INFO = NO;
				MTL_FAST_MATH = YES;
				SDKROOT = iphoneos;
				SWIFT_COMPILATION_MODE = wholemodule;
				SWIFT_OPTIMIZATION_LEVEL = "-O";
				VALIDATE_PRODUCT = YES;
			};
			name = Release;
		};
		27C9AE38288D38EA00FA584A /* Debug */ = {
			isa = XCBuildConfiguration;
			baseConfigurationReference = D1DB83CD4E289D2153C7D862 /* Pods-GoodLifeApplocation.debug.xcconfig */;
			buildSettings = {
				ASSETCATALOG_COMPILER_APPICON_NAME = AppIcon;
				ASSETCATALOG_COMPILER_GLOBAL_ACCENT_COLOR_NAME = AccentColor;
				CODE_SIGN_STYLE = Automatic;
				CURRENT_PROJECT_VERSION = 1;
				DEVELOPMENT_TEAM = 496U3V6VDL;
				GENERATE_INFOPLIST_FILE = YES;
				INFOPLIST_FILE = GoodLifeApplocation/Info.plist;
				INFOPLIST_KEY_UIApplicationSupportsIndirectInputEvents = YES;
				INFOPLIST_KEY_UILaunchStoryboardName = LaunchScreen;
				INFOPLIST_KEY_UIMainStoryboardFile = Main;
				INFOPLIST_KEY_UISupportedInterfaceOrientations_iPad = "UIInterfaceOrientationPortrait UIInterfaceOrientationPortraitUpsideDown UIInterfaceOrientationLandscapeLeft UIInterfaceOrientationLandscapeRight";
				INFOPLIST_KEY_UISupportedInterfaceOrientations_iPhone = "UIInterfaceOrientationPortrait UIInterfaceOrientationLandscapeLeft UIInterfaceOrientationLandscapeRight";
				LD_RUNPATH_SEARCH_PATHS = (
					"$(inherited)",
					"@executable_path/Frameworks",
				);
				MARKETING_VERSION = 1.0;
				PRODUCT_BUNDLE_IDENTIFIER = ios.com.GoodLifeApplocation;
				PRODUCT_NAME = "$(TARGET_NAME)";
				SWIFT_EMIT_LOC_STRINGS = YES;
				SWIFT_VERSION = 5.0;
				TARGETED_DEVICE_FAMILY = "1,2";
			};
			name = Debug;
		};
		27C9AE39288D38EA00FA584A /* Release */ = {
			isa = XCBuildConfiguration;
			baseConfigurationReference = 46608627E894627402509900 /* Pods-GoodLifeApplocation.release.xcconfig */;
			buildSettings = {
				ASSETCATALOG_COMPILER_APPICON_NAME = AppIcon;
				ASSETCATALOG_COMPILER_GLOBAL_ACCENT_COLOR_NAME = AccentColor;
				CODE_SIGN_STYLE = Automatic;
				CURRENT_PROJECT_VERSION = 1;
				DEVELOPMENT_TEAM = 496U3V6VDL;
				GENERATE_INFOPLIST_FILE = YES;
				INFOPLIST_FILE = GoodLifeApplocation/Info.plist;
				INFOPLIST_KEY_UIApplicationSupportsIndirectInputEvents = YES;
				INFOPLIST_KEY_UILaunchStoryboardName = LaunchScreen;
				INFOPLIST_KEY_UIMainStoryboardFile = Main;
				INFOPLIST_KEY_UISupportedInterfaceOrientations_iPad = "UIInterfaceOrientationPortrait UIInterfaceOrientationPortraitUpsideDown UIInterfaceOrientationLandscapeLeft UIInterfaceOrientationLandscapeRight";
				INFOPLIST_KEY_UISupportedInterfaceOrientations_iPhone = "UIInterfaceOrientationPortrait UIInterfaceOrientationLandscapeLeft UIInterfaceOrientationLandscapeRight";
				LD_RUNPATH_SEARCH_PATHS = (
					"$(inherited)",
					"@executable_path/Frameworks",
				);
				MARKETING_VERSION = 1.0;
				PRODUCT_BUNDLE_IDENTIFIER = ios.com.GoodLifeApplocation;
				PRODUCT_NAME = "$(TARGET_NAME)";
				SWIFT_EMIT_LOC_STRINGS = YES;
				SWIFT_VERSION = 5.0;
				TARGETED_DEVICE_FAMILY = "1,2";
			};
			name = Release;
		};
/* End XCBuildConfiguration section */

/* Begin XCConfigurationList section */
		27C9AE1E288D38E900FA584A /* Build configuration list for PBXProject "GoodLifeApplocation" */ = {
			isa = XCConfigurationList;
			buildConfigurations = (
				27C9AE35288D38EA00FA584A /* Debug */,
				27C9AE36288D38EA00FA584A /* Release */,
			);
			defaultConfigurationIsVisible = 0;
			defaultConfigurationName = Release;
		};
		27C9AE37288D38EA00FA584A /* Build configuration list for PBXNativeTarget "GoodLifeApplocation" */ = {
			isa = XCConfigurationList;
			buildConfigurations = (
				27C9AE38288D38EA00FA584A /* Debug */,
				27C9AE39288D38EA00FA584A /* Release */,
			);
			defaultConfigurationIsVisible = 0;
			defaultConfigurationName = Release;
		};
/* End XCConfigurationList section */
	};
	rootObject = 27C9AE1B288D38E900FA584A /* Project object */;
}
